// !$*UTF8*$!
{
	archiveVersion = 1;
	classes = {
	};
	objectVersion = 50;
	objects = {

/* Begin PBXBuildFile section */
		C11B703E21AA8EEE00F2E554 /* AppDelegate.m in Sources */ = {isa = PBXBuildFile; fileRef = C11B703D21AA8EEE00F2E554 /* AppDelegate.m */; };
		C11B704121AA8EEE00F2E554 /* ViewController.m in Sources */ = {isa = PBXBuildFile; fileRef = C11B704021AA8EEE00F2E554 /* ViewController.m */; };
		C11B704421AA8EEE00F2E554 /* Main.storyboard in Resources */ = {isa = PBXBuildFile; fileRef = C11B704221AA8EEE00F2E554 /* Main.storyboard */; };
		C11B704621AA8EF000F2E554 /* Assets.xcassets in Resources */ = {isa = PBXBuildFile; fileRef = C11B704521AA8EF000F2E554 /* Assets.xcassets */; };
		C11B704921AA8EF000F2E554 /* LaunchScreen.storyboard in Resources */ = {isa = PBXBuildFile; fileRef = C11B704721AA8EF000F2E554 /* LaunchScreen.storyboard */; };
		C11B704C21AA8EF000F2E554 /* main.m in Sources */ = {isa = PBXBuildFile; fileRef = C11B704B21AA8EF000F2E554 /* main.m */; };
/* End PBXBuildFile section */

/* Begin PBXFileReference section */
		C11B703921AA8EEE00F2E554 /* iOSTestProject.app */ = {isa = PBXFileReference; explicitFileType = wrapper.application; includeInIndex = 0; path = iOSTestProject.app; sourceTree = BUILT_PRODUCTS_DIR; };
		C11B703C21AA8EEE00F2E554 /* AppDelegate.h */ = {isa = PBXFileReference; lastKnownFileType = sourcecode.c.h; path = AppDelegate.h; sourceTree = "<group>"; };
		C11B703D21AA8EEE00F2E554 /* AppDelegate.m */ = {isa = PBXFileReference; lastKnownFileType = sourcecode.c.objc; path = AppDelegate.m; sourceTree = "<group>"; };
		C11B703F21AA8EEE00F2E554 /* ViewController.h */ = {isa = PBXFileReference; lastKnownFileType = sourcecode.c.h; path = ViewController.h; sourceTree = "<group>"; };
		C11B704021AA8EEE00F2E554 /* ViewController.m */ = {isa = PBXFileReference; lastKnownFileType = sourcecode.c.objc; path = ViewController.m; sourceTree = "<group>"; };
		C11B704321AA8EEE00F2E554 /* Base */ = {isa = PBXFileReference; lastKnownFileType = file.storyboard; name = Base; path = Base.lproj/Main.storyboard; sourceTree = "<group>"; };
		C11B704521AA8EF000F2E554 /* Assets.xcassets */ = {isa = PBXFileReference; lastKnownFileType = folder.assetcatalog; path = Assets.xcassets; sourceTree = "<group>"; };
		C11B704821AA8EF000F2E554 /* Base */ = {isa = PBXFileReference; lastKnownFileType = file.storyboard; name = Base; path = Base.lproj/LaunchScreen.storyboard; sourceTree = "<group>"; };
		C11B704A21AA8EF000F2E554 /* Info.plist */ = {isa = PBXFileReference; lastKnownFileType = text.plist.xml; path = Info.plist; sourceTree = "<group>"; };
		C11B704B21AA8EF000F2E554 /* main.m */ = {isa = PBXFileReference; lastKnownFileType = sourcecode.c.objc; path = main.m; sourceTree = "<group>"; };
/* End PBXFileReference section */

/* Begin PBXFrameworksBuildPhase section */
		C11B703621AA8EEE00F2E554 /* Frameworks */ = {
			isa = PBXFrameworksBuildPhase;
			buildActionMask = 2147483647;
			files = (
			);
			runOnlyForDeploymentPostprocessing = 0;
		};
/* End PBXFrameworksBuildPhase section */

/* Begin PBXGroup section */
		C11B703021AA8EEE00F2E554 = {
			isa = PBXGroup;
			children = (
				C11B703B21AA8EEE00F2E554 /* iOSTestProject */,
				C11B703A21AA8EEE00F2E554 /* Products */,
			);
			sourceTree = "<group>";
		};
		C11B703A21AA8EEE00F2E554 /* Products */ = {
			isa = PBXGroup;
			children = (
				C11B703921AA8EEE00F2E554 /* iOSTestProject.app */,
			);
			name = Products;
			sourceTree = "<group>";
		};
		C11B703B21AA8EEE00F2E554 /* iOSTestProject */ = {
			isa = PBXGroup;
			children = (
				C11B703C21AA8EEE00F2E554 /* AppDelegate.h */,
				C11B703D21AA8EEE00F2E554 /* AppDelegate.m */,
				C11B703F21AA8EEE00F2E554 /* ViewController.h */,
				C11B704021AA8EEE00F2E554 /* ViewController.m */,
				C11B704221AA8EEE00F2E554 /* Main.storyboard */,
				C11B704521AA8EF000F2E554 /* Assets.xcassets */,
				C11B704721AA8EF000F2E554 /* LaunchScreen.storyboard */,
				C11B704A21AA8EF000F2E554 /* Info.plist */,
				C11B704B21AA8EF000F2E554 /* main.m */,
			);
			path = iOSTestProject;
			sourceTree = "<group>";
		};
/* End PBXGroup section */

/* Begin PBXNativeTarget section */
		C11B703821AA8EEE00F2E554 /* iOSTestProject */ = {
			isa = PBXNativeTarget;
			buildConfigurationList = C11B704F21AA8EF000F2E554 /* Build configuration list for PBXNativeTarget "iOSTestProject" */;
			buildPhases = (
				C11B703521AA8EEE00F2E554 /* Sources */,
				C11B703621AA8EEE00F2E554 /* Frameworks */,
				C11B703721AA8EEE00F2E554 /* Resources */,
			);
			buildRules = (
			);
			dependencies = (
			);
			name = iOSTestProject;
			productName = iOSTestProject;
			productReference = C11B703921AA8EEE00F2E554 /* iOSTestProject.app */;
			productType = "com.apple.product-type.application";
		};
/* End PBXNativeTarget section */

/* Begin PBXProject section */
		C11B703121AA8EEE00F2E554 /* Project object */ = {
			isa = PBXProject;
			attributes = {
				LastUpgradeCheck = 1010;
				ORGANIZATIONNAME = ZHENGSHOUDONG;
				TargetAttributes = {
					C11B703821AA8EEE00F2E554 = {
						CreatedOnToolsVersion = 10.1;
					};
				};
			};
			buildConfigurationList = C11B703421AA8EEE00F2E554 /* Build configuration list for PBXProject "iOSTestProject" */;
			compatibilityVersion = "Xcode 9.3";
			developmentRegion = en;
			hasScannedForEncodings = 0;
			knownRegions = (
				en,
				Base,
			);
			mainGroup = C11B703021AA8EEE00F2E554;
			productRefGroup = C11B703A21AA8EEE00F2E554 /* Products */;
			projectDirPath = "";
			projectRoot = "";
			targets = (
				C11B703821AA8EEE00F2E554 /* iOSTestProject */,
			);
		};
/* End PBXProject section */

/* Begin PBXResourcesBuildPhase section */
		C11B703721AA8EEE00F2E554 /* Resources */ = {
			isa = PBXResourcesBuildPhase;
			buildActionMask = 2147483647;
			files = (
				C11B704921AA8EF000F2E554 /* LaunchScreen.storyboard in Resources */,
				C11B704621AA8EF000F2E554 /* Assets.xcassets in Resources */,
				C11B704421AA8EEE00F2E554 /* Main.storyboard in Resources */,
			);
			runOnlyForDeploymentPostprocessing = 0;
		};
/* End PBXResourcesBuildPhase section */

/* Begin PBXSourcesBuildPhase section */
		C11B703521AA8EEE00F2E554 /* Sources */ = {
			isa = PBXSourcesBuildPhase;
			buildActionMask = 2147483647;
			files = (
				C11B704121AA8EEE00F2E554 /* ViewController.m in Sources */,
				C11B704C21AA8EF000F2E554 /* main.m in Sources */,
				C11B703E21AA8EEE00F2E554 /* AppDelegate.m in Sources */,
			);
			runOnlyForDeploymentPostprocessing = 0;
		};
/* End PBXSourcesBuildPhase section */

/* Begin PBXVariantGroup section */
		C11B704221AA8EEE00F2E554 /* Main.storyboard */ = {
			isa = PBXVariantGroup;
			children = (
				C11B704321AA8EEE00F2E554 /* Base */,
			);
			name = Main.storyboard;
			sourceTree = "<group>";
		};
		C11B704721AA8EF000F2E554 /* LaunchScreen.storyboard */ = {
			isa = PBXVariantGroup;
			children = (
				C11B704821AA8EF000F2E554 /* Base */,
			);
			name = LaunchScreen.storyboard;
			sourceTree = "<group>";
		};
/* End PBXVariantGroup section */

/* Begin XCBuildConfiguration section */
		C11B704D21AA8EF000F2E554 /* Debug */ = {
			isa = XCBuildConfiguration;
			buildSettings = {
				ALWAYS_SEARCH_USER_PATHS = NO;
				CLANG_ANALYZER_NONNULL = YES;
				CLANG_ANALYZER_NUMBER_OBJECT_CONVERSION = YES_AGGRESSIVE;
				CLANG_CXX_LANGUAGE_STANDARD = "gnu++14";
				CLANG_CXX_LIBRARY = "libc++";
				CLANG_ENABLE_MODULES = YES;
				CLANG_ENABLE_OBJC_ARC = YES;
				CLANG_ENABLE_OBJC_WEAK = YES;
				CLANG_WARN_BLOCK_CAPTURE_AUTORELEASING = YES;
				CLANG_WARN_BOOL_CONVERSION = YES;
				CLANG_WARN_COMMA = YES;
				CLANG_WARN_CONSTANT_CONVERSION = YES;
				CLANG_WARN_DEPRECATED_OBJC_IMPLEMENTATIONS = YES;
				CLANG_WARN_DIRECT_OBJC_ISA_USAGE = YES_ERROR;
				CLANG_WARN_DOCUMENTATION_COMMENTS = YES;
				CLANG_WARN_EMPTY_BODY = YES;
				CLANG_WARN_ENUM_CONVERSION = YES;
				CLANG_WARN_INFINITE_RECURSION = YES;
				CLANG_WARN_INT_CONVERSION = YES;
				CLANG_WARN_NON_LITERAL_NULL_CONVERSION = YES;
				CLANG_WARN_OBJC_IMPLICIT_RETAIN_SELF = YES;
				CLANG_WARN_OBJC_LITERAL_CONVERSION = YES;
				CLANG_WARN_OBJC_ROOT_CLASS = YES_ERROR;
				CLANG_WARN_RANGE_LOOP_ANALYSIS = YES;
				CLANG_WARN_STRICT_PROTOTYPES = YES;
				CLANG_WARN_SUSPICIOUS_MOVE = YES;
				CLANG_WARN_UNGUARDED_AVAILABILITY = YES_AGGRESSIVE;
				CLANG_WARN_UNREACHABLE_CODE = YES;
				CLANG_WARN__DUPLICATE_METHOD_MATCH = YES;
				CODE_SIGN_IDENTITY = "iPhone Developer";
				COPY_PHASE_STRIP = NO;
				DEBUG_INFORMATION_FORMAT = dwarf;
				ENABLE_STRICT_OBJC_MSGSEND = YES;
				ENABLE_TESTABILITY = YES;
				GCC_C_LANGUAGE_STANDARD = gnu11;
				GCC_DYNAMIC_NO_PIC = NO;
				GCC_NO_COMMON_BLOCKS = YES;
				GCC_OPTIMIZATION_LEVEL = 0;
				GCC_PREPROCESSOR_DEFINITIONS = (
					"DEBUG=1",
					"$(inherited)",
				);
				GCC_WARN_64_TO_32_BIT_CONVERSION = YES;
				GCC_WARN_ABOUT_RETURN_TYPE = YES_ERROR;
				GCC_WARN_UNDECLARED_SELECTOR = YES;
				GCC_WARN_UNINITIALIZED_AUTOS = YES_AGGRESSIVE;
				GCC_WARN_UNUSED_FUNCTION = YES;
				GCC_WARN_UNUSED_VARIABLE = YES;
				IPHONEOS_DEPLOYMENT_TARGET = 12.1;
				MTL_ENABLE_DEBUG_INFO = INCLUDE_SOURCE;
				MTL_FAST_MATH = YES;
				ONLY_ACTIVE_ARCH = YES;
				SDKROOT = iphoneos;
			};
			name = Debug;
		};
		C11B704E21AA8EF000F2E554 /* Release */ = {
			isa = XCBuildConfiguration;
			buildSettings = {
				ALWAYS_SEARCH_USER_PATHS = NO;
				CLANG_ANALYZER_NONNULL = YES;
				CLANG_ANALYZER_NUMBER_OBJECT_CONVERSION = YES_AGGRESSIVE;
				CLANG_CXX_LANGUAGE_STANDARD = "gnu++14";
				CLANG_CXX_LIBRARY = "libc++";
				CLANG_ENABLE_MODULES = YES;
				CLANG_ENABLE_OBJC_ARC = YES;
				CLANG_ENABLE_OBJC_WEAK = YES;
				CLANG_WARN_BLOCK_CAPTURE_AUTORELEASING = YES;
				CLANG_WARN_BOOL_CONVERSION = YES;
				CLANG_WARN_COMMA = YES;
				CLANG_WARN_CONSTANT_CONVERSION = YES;
				CLANG_WARN_DEPRECATED_OBJC_IMPLEMENTATIONS = YES;
				CLANG_WARN_DIRECT_OBJC_ISA_USAGE = YES_ERROR;
				CLANG_WARN_DOCUMENTATION_COMMENTS = YES;
				CLANG_WARN_EMPTY_BODY = YES;
				CLANG_WARN_ENUM_CONVERSION = YES;
				CLANG_WARN_INFINITE_RECURSION = YES;
				CLANG_WARN_INT_CONVERSION = YES;
				CLANG_WARN_NON_LITERAL_NULL_CONVERSION = YES;
				CLANG_WARN_OBJC_IMPLICIT_RETAIN_SELF = YES;
				CLANG_WARN_OBJC_LITERAL_CONVERSION = YES;
				CLANG_WARN_OBJC_ROOT_CLASS = YES_ERROR;
				CLANG_WARN_RANGE_LOOP_ANALYSIS = YES;
				CLANG_WARN_STRICT_PROTOTYPES = YES;
				CLANG_WARN_SUSPICIOUS_MOVE = YES;
				CLANG_WARN_UNGUARDED_AVAILABILITY = YES_AGGRESSIVE;
				CLANG_WARN_UNREACHABLE_CODE = YES;
				CLANG_WARN__DUPLICATE_METHOD_MATCH = YES;
				CODE_SIGN_IDENTITY = "iPhone Developer";
				COPY_PHASE_STRIP = NO;
				DEBUG_INFORMATION_FORMAT = "dwarf-with-dsym";
				ENABLE_NS_ASSERTIONS = NO;
				ENABLE_STRICT_OBJC_MSGSEND = YES;
				GCC_C_LANGUAGE_STANDARD = gnu11;
				GCC_NO_COMMON_BLOCKS = YES;
				GCC_WARN_64_TO_32_BIT_CONVERSION = YES;
				GCC_WARN_ABOUT_RETURN_TYPE = YES_ERROR;
				GCC_WARN_UNDECLARED_SELECTOR = YES;
				GCC_WARN_UNINITIALIZED_AUTOS = YES_AGGRESSIVE;
				GCC_WARN_UNUSED_FUNCTION = YES;
				GCC_WARN_UNUSED_VARIABLE = YES;
				IPHONEOS_DEPLOYMENT_TARGET = 12.1;
				MTL_ENABLE_DEBUG_INFO = NO;
				MTL_FAST_MATH = YES;
				SDKROOT = iphoneos;
				VALIDATE_PRODUCT = YES;
			};
			name = Release;
		};
		C11B705021AA8EF000F2E554 /* Debug */ = {
			isa = XCBuildConfiguration;
			buildSettings = {
				ASSETCATALOG_COMPILER_APPICON_NAME = AppIcon;
				CODE_SIGN_STYLE = Automatic;
				DEVELOPMENT_TEAM = "";
				INFOPLIST_FILE = iOSTestProject/Info.plist;
				LD_RUNPATH_SEARCH_PATHS = (
					"$(inherited)",
					"@executable_path/Frameworks",
				);
				PRODUCT_BUNDLE_IDENTIFIER = cn.zhengshoudong.iOSTestProject;
				PRODUCT_NAME = "$(TARGET_NAME)";
				TARGETED_DEVICE_FAMILY = "1,2";
			};
			name = Debug;
		};
		C11B705121AA8EF000F2E554 /* Release */ = {
			isa = XCBuildConfiguration;
			buildSettings = {
				ASSETCATALOG_COMPILER_APPICON_NAME = AppIcon;
				CODE_SIGN_STYLE = Automatic;
				DEVELOPMENT_TEAM = "";
				INFOPLIST_FILE = iOSTestProject/Info.plist;
				LD_RUNPATH_SEARCH_PATHS = (
					"$(inherited)",
					"@executable_path/Frameworks",
				);
				PRODUCT_BUNDLE_IDENTIFIER = cn.zhengshoudong.iOSTestProject;
				PRODUCT_NAME = "$(TARGET_NAME)";
				TARGETED_DEVICE_FAMILY = "1,2";
			};
			name = Release;
		};
/* End XCBuildConfiguration section */

/* Begin XCConfigurationList section */
		C11B703421AA8EEE00F2E554 /* Build configuration list for PBXProject "iOSTestProject" */ = {
			isa = XCConfigurationList;
			buildConfigurations = (
				C11B704D21AA8EF000F2E554 /* Debug */,
				C11B704E21AA8EF000F2E554 /* Release */,
			);
			defaultConfigurationIsVisible = 0;
			defaultConfigurationName = Release;
		};
		C11B704F21AA8EF000F2E554 /* Build configuration list for PBXNativeTarget "iOSTestProject" */ = {
			isa = XCConfigurationList;
			buildConfigurations = (
				C11B705021AA8EF000F2E554 /* Debug */,
				C11B705121AA8EF000F2E554 /* Release */,
			);
			defaultConfigurationIsVisible = 0;
			defaultConfigurationName = Release;
		};
/* End XCConfigurationList section */
	};
	rootObject = C11B703121AA8EEE00F2E554 /* Project object */;
}
